
Microsoft Visual Studio Solution File, Format Version 12.00
# Visual Studio Version 17
VisualStudioVersion = 17.1.32328.378
MinimumVisualStudioVersion = 10.0.40219.1
Project("{FAE04EC0-301F-11D3-BF4B-00C04F79EFBC}") = "djalma2", "djalma2\djalma2.csproj", "{3ACCA859-4CF1-48A0-8864-E39CA53EDDD5}"
EndProject
Global
	GlobalSection(SolutionConfigurationPlatforms) = preSolution
		Debug|Any CPU = Debug|Any CPU
		Release|Any CPU = Release|Any CPU
	EndGlobalSection
	GlobalSection(ProjectConfigurationPlatforms) = postSolution
		{3ACCA859-4CF1-48A0-8864-E39CA53EDDD5}.Debug|Any CPU.ActiveCfg = Debug|Any CPU
		{3ACCA859-4CF1-48A0-8864-E39CA53EDDD5}.Debug|Any CPU.Build.0 = Debug|Any CPU
		{3ACCA859-4CF1-48A0-8864-E39CA53EDDD5}.Release|Any CPU.ActiveCfg = Release|Any CPU
		{3ACCA859-4CF1-48A0-8864-E39CA53EDDD5}.Release|Any CPU.Build.0 = Release|Any CPU
	EndGlobalSection
	GlobalSection(SolutionProperties) = preSolution
		HideSolutionNode = FALSE
	EndGlobalSection
	GlobalSection(ExtensibilityGlobals) = postSolution
		SolutionGuid = {88D65E3B-24DE-44A3-BC19-BF41B1891DBD}
	EndGlobalSection
EndGlobal
